
Microsoft Visual Studio Solution File, Format Version 12.00
# Visual Studio Version 17
VisualStudioVersion = 17.14.36414.22 d17.14
MinimumVisualStudioVersion = 10.0.40219.1
Project("{8BC9CEB8-8B4A-11D0-8D11-00A0C91BC942}") = "01. ExcellentResult", "01. ExcellentResult\01. ExcellentResult.vcxproj", "{6A6E0586-FC6D-4BE3-A8E0-40FF6D7108A3}"
EndProject
Project("{8BC9CEB8-8B4A-11D0-8D11-00A0C91BC942}") = "02. GreaterNumber", "02. GreaterNumber\02. GreaterNumber.vcxproj", "{A9D1C2F5-C5C0-44DA-8312-BD94D8802EE1}"
EndProject
Project("{8BC9CEB8-8B4A-11D0-8D11-00A0C91BC942}") = "03. EvenOrOdd", "03. EvenOrOdd\03. EvenOrOdd.vcxproj", "{E7B8FD12-BFB0-4304-AE75-D19D7396411D}"
EndProject
Project("{8BC9CEB8-8B4A-11D0-8D11-00A0C91BC942}") = "04. PasswordGuess", "04. PasswordGuess\04. PasswordGuess.vcxproj", "{4B6B4A2D-0B8A-401A-90F8-2CD8F1E541F9}"
EndProject
Project("{8BC9CEB8-8B4A-11D0-8D11-00A0C91BC942}") = "05. Number100To200", "05. Number100To200\05. Number100To200.vcxproj", "{90098293-40CF-42A6-9A92-3D95B831DE80}"
EndProject
Project("{8BC9CEB8-8B4A-11D0-8D11-00A0C91BC942}") = "06. SpeedInfo", "06. SpeedInfo\06. SpeedInfo.vcxproj", "{DA7C82AD-C4B3-4C69-A1EB-0AF2A078CEAE}"
EndProject
Project("{8BC9CEB8-8B4A-11D0-8D11-00A0C91BC942}") = "07. AreaOfFigures", "07. AreaOfFigures\07. AreaOfFigures.vcxproj", "{D2CEDC1A-29BC-4453-A0A4-A9BEA7746175}"
EndProject
Global
	GlobalSection(SolutionConfigurationPlatforms) = preSolution
		Debug|x64 = Debug|x64
		Debug|x86 = Debug|x86
		Release|x64 = Release|x64
		Release|x86 = Release|x86
	EndGlobalSection
	GlobalSection(ProjectConfigurationPlatforms) = postSolution
		{6A6E0586-FC6D-4BE3-A8E0-40FF6D7108A3}.Debug|x64.ActiveCfg = Debug|x64
		{6A6E0586-FC6D-4BE3-A8E0-40FF6D7108A3}.Debug|x64.Build.0 = Debug|x64
		{6A6E0586-FC6D-4BE3-A8E0-40FF6D7108A3}.Debug|x86.ActiveCfg = Debug|Win32
		{6A6E0586-FC6D-4BE3-A8E0-40FF6D7108A3}.Debug|x86.Build.0 = Debug|Win32
		{6A6E0586-FC6D-4BE3-A8E0-40FF6D7108A3}.Release|x64.ActiveCfg = Release|x64
		{6A6E0586-FC6D-4BE3-A8E0-40FF6D7108A3}.Release|x64.Build.0 = Release|x64
		{6A6E0586-FC6D-4BE3-A8E0-40FF6D7108A3}.Release|x86.ActiveCfg = Release|Win32
		{6A6E0586-FC6D-4BE3-A8E0-40FF6D7108A3}.Release|x86.Build.0 = Release|Win32
		{A9D1C2F5-C5C0-44DA-8312-BD94D8802EE1}.Debug|x64.ActiveCfg = Debug|x64
		{A9D1C2F5-C5C0-44DA-8312-BD94D8802EE1}.Debug|x64.Build.0 = Debug|x64
		{A9D1C2F5-C5C0-44DA-8312-BD94D8802EE1}.Debug|x86.ActiveCfg = Debug|Win32
		{A9D1C2F5-C5C0-44DA-8312-BD94D8802EE1}.Debug|x86.Build.0 = Debug|Win32
		{A9D1C2F5-C5C0-44DA-8312-BD94D8802EE1}.Release|x64.ActiveCfg = Release|x64
		{A9D1C2F5-C5C0-44DA-8312-BD94D8802EE1}.Release|x64.Build.0 = Release|x64
		{A9D1C2F5-C5C0-44DA-8312-BD94D8802EE1}.Release|x86.ActiveCfg = Release|Win32
		{A9D1C2F5-C5C0-44DA-8312-BD94D8802EE1}.Release|x86.Build.0 = Release|Win32
		{E7B8FD12-BFB0-4304-AE75-D19D7396411D}.Debug|x64.ActiveCfg = Debug|x64
		{E7B8FD12-BFB0-4304-AE75-D19D7396411D}.Debug|x64.Build.0 = Debug|x64
		{E7B8FD12-BFB0-4304-AE75-D19D7396411D}.Debug|x86.ActiveCfg = Debug|Win32
		{E7B8FD12-BFB0-4304-AE75-D19D7396411D}.Debug|x86.Build.0 = Debug|Win32
		{E7B8FD12-BFB0-4304-AE75-D19D7396411D}.Release|x64.ActiveCfg = Release|x64
		{E7B8FD12-BFB0-4304-AE75-D19D7396411D}.Release|x64.Build.0 = Release|x64
		{E7B8FD12-BFB0-4304-AE75-D19D7396411D}.Release|x86.ActiveCfg = Release|Win32
		{E7B8FD12-BFB0-4304-AE75-D19D7396411D}.Release|x86.Build.0 = Release|Win32
		{4B6B4A2D-0B8A-401A-90F8-2CD8F1E541F9}.Debug|x64.ActiveCfg = Debug|x64
		{4B6B4A2D-0B8A-401A-90F8-2CD8F1E541F9}.Debug|x64.Build.0 = Debug|x64
		{4B6B4A2D-0B8A-401A-90F8-2CD8F1E541F9}.Debug|x86.ActiveCfg = Debug|Win32
		{4B6B4A2D-0B8A-401A-90F8-2CD8F1E541F9}.Debug|x86.Build.0 = Debug|Win32
		{4B6B4A2D-0B8A-401A-90F8-2CD8F1E541F9}.Release|x64.ActiveCfg = Release|x64
		{4B6B4A2D-0B8A-401A-90F8-2CD8F1E541F9}.Release|x64.Build.0 = Release|x64
		{4B6B4A2D-0B8A-401A-90F8-2CD8F1E541F9}.Release|x86.ActiveCfg = Release|Win32
		{4B6B4A2D-0B8A-401A-90F8-2CD8F1E541F9}.Release|x86.Build.0 = Release|Win32
		{90098293-40CF-42A6-9A92-3D95B831DE80}.Debug|x64.ActiveCfg = Debug|x64
		{90098293-40CF-42A6-9A92-3D95B831DE80}.Debug|x64.Build.0 = Debug|x64
		{90098293-40CF-42A6-9A92-3D95B831DE80}.Debug|x86.ActiveCfg = Debug|Win32
		{90098293-40CF-42A6-9A92-3D95B831DE80}.Debug|x86.Build.0 = Debug|Win32
		{90098293-40CF-42A6-9A92-3D95B831DE80}.Release|x64.ActiveCfg = Release|x64
		{90098293-40CF-42A6-9A92-3D95B831DE80}.Release|x64.Build.0 = Release|x64
		{90098293-40CF-42A6-9A92-3D95B831DE80}.Release|x86.ActiveCfg = Release|Win32
		{90098293-40CF-42A6-9A92-3D95B831DE80}.Release|x86.Build.0 = Release|Win32
		{DA7C82AD-C4B3-4C69-A1EB-0AF2A078CEAE}.Debug|x64.ActiveCfg = Debug|x64
		{DA7C82AD-C4B3-4C69-A1EB-0AF2A078CEAE}.Debug|x64.Build.0 = Debug|x64
		{DA7C82AD-C4B3-4C69-A1EB-0AF2A078CEAE}.Debug|x86.ActiveCfg = Debug|Win32
		{DA7C82AD-C4B3-4C69-A1EB-0AF2A078CEAE}.Debug|x86.Build.0 = Debug|Win32
		{DA7C82AD-C4B3-4C69-A1EB-0AF2A078CEAE}.Release|x64.ActiveCfg = Release|x64
		{DA7C82AD-C4B3-4C69-A1EB-0AF2A078CEAE}.Release|x64.Build.0 = Release|x64
		{DA7C82AD-C4B3-4C69-A1EB-0AF2A078CEAE}.Release|x86.ActiveCfg = Release|Win32
		{DA7C82AD-C4B3-4C69-A1EB-0AF2A078CEAE}.Release|x86.Build.0 = Release|Win32
		{D2CEDC1A-29BC-4453-A0A4-A9BEA7746175}.Debug|x64.ActiveCfg = Debug|x64
		{D2CEDC1A-29BC-4453-A0A4-A9BEA7746175}.Debug|x64.Build.0 = Debug|x64
		{D2CEDC1A-29BC-4453-A0A4-A9BEA7746175}.Debug|x86.ActiveCfg = Debug|Win32
		{D2CEDC1A-29BC-4453-A0A4-A9BEA7746175}.Debug|x86.Build.0 = Debug|Win32
		{D2CEDC1A-29BC-4453-A0A4-A9BEA7746175}.Release|x64.ActiveCfg = Release|x64
		{D2CEDC1A-29BC-4453-A0A4-A9BEA7746175}.Release|x64.Build.0 = Release|x64
		{D2CEDC1A-29BC-4453-A0A4-A9BEA7746175}.Release|x86.ActiveCfg = Release|Win32
		{D2CEDC1A-29BC-4453-A0A4-A9BEA7746175}.Release|x86.Build.0 = Release|Win32
	EndGlobalSection
	GlobalSection(SolutionProperties) = preSolution
		HideSolutionNode = FALSE
	EndGlobalSection
	GlobalSection(ExtensibilityGlobals) = postSolution
		SolutionGuid = {62A12F6F-DABA-4D87-A254-1F24DF2BDA83}
	EndGlobalSection
EndGlobal
