
Microsoft Visual Studio Solution File, Format Version 12.00
# Visual Studio Version 17
VisualStudioVersion = 17.2.32519.379
MinimumVisualStudioVersion = 10.0.40219.1
Project("{FAE04EC0-301F-11D3-BF4B-00C04F79EFBC}") = "01.Match Full Name", "01.Match Full Name\01.Match Full Name.csproj", "{35DBD8F0-7ECE-408A-B0D9-6651300C7078}"
EndProject
Project("{FAE04EC0-301F-11D3-BF4B-00C04F79EFBC}") = "02.Match Phone Number", "02.Match Phone Number\02.Match Phone Number.csproj", "{4FB164C6-9126-456E-9EE9-E621D833C180}"
EndProject
Project("{FAE04EC0-301F-11D3-BF4B-00C04F79EFBC}") = "03.Match Dates", "03.Match Dates\03.Match Dates.csproj", "{3C848D0A-2E0B-4C96-862F-9B66D3A060B9}"
EndProject
Global
	GlobalSection(SolutionConfigurationPlatforms) = preSolution
		Debug|Any CPU = Debug|Any CPU
		Release|Any CPU = Release|Any CPU
	EndGlobalSection
	GlobalSection(ProjectConfigurationPlatforms) = postSolution
		{35DBD8F0-7ECE-408A-B0D9-6651300C7078}.Debug|Any CPU.ActiveCfg = Debug|Any CPU
		{35DBD8F0-7ECE-408A-B0D9-6651300C7078}.Debug|Any CPU.Build.0 = Debug|Any CPU
		{35DBD8F0-7ECE-408A-B0D9-6651300C7078}.Release|Any CPU.ActiveCfg = Release|Any CPU
		{35DBD8F0-7ECE-408A-B0D9-6651300C7078}.Release|Any CPU.Build.0 = Release|Any CPU
		{4FB164C6-9126-456E-9EE9-E621D833C180}.Debug|Any CPU.ActiveCfg = Debug|Any CPU
		{4FB164C6-9126-456E-9EE9-E621D833C180}.Debug|Any CPU.Build.0 = Debug|Any CPU
		{4FB164C6-9126-456E-9EE9-E621D833C180}.Release|Any CPU.ActiveCfg = Release|Any CPU
		{4FB164C6-9126-456E-9EE9-E621D833C180}.Release|Any CPU.Build.0 = Release|Any CPU
		{3C848D0A-2E0B-4C96-862F-9B66D3A060B9}.Debug|Any CPU.ActiveCfg = Debug|Any CPU
		{3C848D0A-2E0B-4C96-862F-9B66D3A060B9}.Debug|Any CPU.Build.0 = Debug|Any CPU
		{3C848D0A-2E0B-4C96-862F-9B66D3A060B9}.Release|Any CPU.ActiveCfg = Release|Any CPU
		{3C848D0A-2E0B-4C96-862F-9B66D3A060B9}.Release|Any CPU.Build.0 = Release|Any CPU
	EndGlobalSection
	GlobalSection(SolutionProperties) = preSolution
		HideSolutionNode = FALSE
	EndGlobalSection
	GlobalSection(ExtensibilityGlobals) = postSolution
		SolutionGuid = {F9FFF03F-94DE-44AE-AC9C-4727759BBF03}
	EndGlobalSection
EndGlobal
