<Solution>
  <Configurations>
    <Platform Name="x64" />
    <Platform Name="x86" />
  </Configurations>
  <Project Path="01. Numbers Ending in 7/01. Numbers Ending in 7.vcxproj" />
  <Project Path="02. Half Sum Element/02. Half Sum Element.vcxproj" />
  <Project Path="03. Histogram/03. Histogram.vcxproj" />
  <Project Path="04. Clever Lily/04. Clever Lily.vcxproj" />
  <Project Path="05. Salary/05. Salary.vcxproj" />
</Solution>
