
Microsoft Visual Studio Solution File, Format Version 12.00
# Visual Studio Version 17
VisualStudioVersion = 17.2.32519.379
MinimumVisualStudioVersion = 10.0.40219.1
Project("{FAE04EC0-301F-11D3-BF4B-00C04F79EFBC}") = "01.Messaging", "01.Messaging\01.Messaging.csproj", "{4CE1C407-37FF-4B34-B6C5-809124566F9F}"
EndProject
Project("{FAE04EC0-301F-11D3-BF4B-00C04F79EFBC}") = "02.Car Race", "02.Car Race\02.Car Race.csproj", "{B0C4B2FF-810A-4A0F-8BC8-79850843116C}"
EndProject
Project("{FAE04EC0-301F-11D3-BF4B-00C04F79EFBC}") = "03.Take Skip Rope", "03.Take Skip Rope\03.Take Skip Rope.csproj", "{17A13A88-8466-4D31-A1FB-4712475593B6}"
EndProject
Project("{FAE04EC0-301F-11D3-BF4B-00C04F79EFBC}") = "04.Mixed up Lists", "04.Mixed up Lists\04.Mixed up Lists.csproj", "{D00D16BE-C665-478B-9A3E-E1BB0B35245C}"
EndProject
Project("{FAE04EC0-301F-11D3-BF4B-00C04F79EFBC}") = "05.Drum Set", "05.Drum Set\05.Drum Set.csproj", "{70523F04-2847-45C4-B817-B4F237C1EA6A}"
EndProject
Global
	GlobalSection(SolutionConfigurationPlatforms) = preSolution
		Debug|Any CPU = Debug|Any CPU
		Release|Any CPU = Release|Any CPU
	EndGlobalSection
	GlobalSection(ProjectConfigurationPlatforms) = postSolution
		{4CE1C407-37FF-4B34-B6C5-809124566F9F}.Debug|Any CPU.ActiveCfg = Debug|Any CPU
		{4CE1C407-37FF-4B34-B6C5-809124566F9F}.Debug|Any CPU.Build.0 = Debug|Any CPU
		{4CE1C407-37FF-4B34-B6C5-809124566F9F}.Release|Any CPU.ActiveCfg = Release|Any CPU
		{4CE1C407-37FF-4B34-B6C5-809124566F9F}.Release|Any CPU.Build.0 = Release|Any CPU
		{B0C4B2FF-810A-4A0F-8BC8-79850843116C}.Debug|Any CPU.ActiveCfg = Debug|Any CPU
		{B0C4B2FF-810A-4A0F-8BC8-79850843116C}.Debug|Any CPU.Build.0 = Debug|Any CPU
		{B0C4B2FF-810A-4A0F-8BC8-79850843116C}.Release|Any CPU.ActiveCfg = Release|Any CPU
		{B0C4B2FF-810A-4A0F-8BC8-79850843116C}.Release|Any CPU.Build.0 = Release|Any CPU
		{17A13A88-8466-4D31-A1FB-4712475593B6}.Debug|Any CPU.ActiveCfg = Debug|Any CPU
		{17A13A88-8466-4D31-A1FB-4712475593B6}.Debug|Any CPU.Build.0 = Debug|Any CPU
		{17A13A88-8466-4D31-A1FB-4712475593B6}.Release|Any CPU.ActiveCfg = Release|Any CPU
		{17A13A88-8466-4D31-A1FB-4712475593B6}.Release|Any CPU.Build.0 = Release|Any CPU
		{D00D16BE-C665-478B-9A3E-E1BB0B35245C}.Debug|Any CPU.ActiveCfg = Debug|Any CPU
		{D00D16BE-C665-478B-9A3E-E1BB0B35245C}.Debug|Any CPU.Build.0 = Debug|Any CPU
		{D00D16BE-C665-478B-9A3E-E1BB0B35245C}.Release|Any CPU.ActiveCfg = Release|Any CPU
		{D00D16BE-C665-478B-9A3E-E1BB0B35245C}.Release|Any CPU.Build.0 = Release|Any CPU
		{70523F04-2847-45C4-B817-B4F237C1EA6A}.Debug|Any CPU.ActiveCfg = Debug|Any CPU
		{70523F04-2847-45C4-B817-B4F237C1EA6A}.Debug|Any CPU.Build.0 = Debug|Any CPU
		{70523F04-2847-45C4-B817-B4F237C1EA6A}.Release|Any CPU.ActiveCfg = Release|Any CPU
		{70523F04-2847-45C4-B817-B4F237C1EA6A}.Release|Any CPU.Build.0 = Release|Any CPU
	EndGlobalSection
	GlobalSection(SolutionProperties) = preSolution
		HideSolutionNode = FALSE
	EndGlobalSection
	GlobalSection(ExtensibilityGlobals) = postSolution
		SolutionGuid = {9BBC65AF-5DE1-4E0F-B03E-91A59D72EE79}
	EndGlobalSection
EndGlobal
