
Microsoft Visual Studio Solution File, Format Version 12.00
# Visual Studio Version 17
VisualStudioVersion = 17.2.32519.379
MinimumVisualStudioVersion = 10.0.40219.1
Project("{FAE04EC0-301F-11D3-BF4B-00C04F79EFBC}") = "01.Train", "01.Train\01.Train.csproj", "{6C22C126-D20D-4546-AF72-BE365D9A62D5}"
EndProject
Project("{FAE04EC0-301F-11D3-BF4B-00C04F79EFBC}") = "02.Change List", "02.Change List\02.Change List.csproj", "{A289D446-1A77-4AB0-84E0-7DFA1183A980}"
EndProject
Project("{FAE04EC0-301F-11D3-BF4B-00C04F79EFBC}") = "03.House Party", "03.House Party\03.House Party.csproj", "{CF27DC52-FA2F-41F9-BA6F-5721E6066494}"
EndProject
Project("{FAE04EC0-301F-11D3-BF4B-00C04F79EFBC}") = "04.List Operations", "04.List Operations\04.List Operations.csproj", "{16A30526-9EF3-4AC9-BD58-93258B55E945}"
EndProject
Project("{FAE04EC0-301F-11D3-BF4B-00C04F79EFBC}") = "05.Bomb Numbers", "05.Bomb Numbers\05.Bomb Numbers.csproj", "{EB7609FF-7833-4EB9-921B-C6BA448AE125}"
EndProject
Project("{FAE04EC0-301F-11D3-BF4B-00C04F79EFBC}") = "06.Cards Game", "06.Cards Game\06.Cards Game.csproj", "{1DC89BE6-B28C-4BD4-B358-ACEFF7034E5F}"
EndProject
Project("{FAE04EC0-301F-11D3-BF4B-00C04F79EFBC}") = "07.Append Arrays", "07.Append Arrays\07.Append Arrays.csproj", "{C6ABD10B-F3BD-4DC7-8B80-724AE0488F1B}"
EndProject
Project("{FAE04EC0-301F-11D3-BF4B-00C04F79EFBC}") = "08.Anonymous Threat", "08.Anonymous Threat\08.Anonymous Threat.csproj", "{A387F637-9F5A-449B-9198-E9973CD392EE}"
EndProject
Project("{FAE04EC0-301F-11D3-BF4B-00C04F79EFBC}") = "09.Pokemon Don't Go", "09.Pokemon Don't Go\09.Pokemon Don't Go.csproj", "{A6B9CDC9-2260-47D9-930D-EF3DA6A14AF1}"
EndProject
Project("{FAE04EC0-301F-11D3-BF4B-00C04F79EFBC}") = "10.SoftUni Course Planning", "10.SoftUni Course Planning\10.SoftUni Course Planning.csproj", "{35EB6646-3B66-4BC2-A55D-2B52A8D9B2ED}"
EndProject
Global
	GlobalSection(SolutionConfigurationPlatforms) = preSolution
		Debug|Any CPU = Debug|Any CPU
		Release|Any CPU = Release|Any CPU
	EndGlobalSection
	GlobalSection(ProjectConfigurationPlatforms) = postSolution
		{6C22C126-D20D-4546-AF72-BE365D9A62D5}.Debug|Any CPU.ActiveCfg = Debug|Any CPU
		{6C22C126-D20D-4546-AF72-BE365D9A62D5}.Debug|Any CPU.Build.0 = Debug|Any CPU
		{6C22C126-D20D-4546-AF72-BE365D9A62D5}.Release|Any CPU.ActiveCfg = Release|Any CPU
		{6C22C126-D20D-4546-AF72-BE365D9A62D5}.Release|Any CPU.Build.0 = Release|Any CPU
		{A289D446-1A77-4AB0-84E0-7DFA1183A980}.Debug|Any CPU.ActiveCfg = Debug|Any CPU
		{A289D446-1A77-4AB0-84E0-7DFA1183A980}.Debug|Any CPU.Build.0 = Debug|Any CPU
		{A289D446-1A77-4AB0-84E0-7DFA1183A980}.Release|Any CPU.ActiveCfg = Release|Any CPU
		{A289D446-1A77-4AB0-84E0-7DFA1183A980}.Release|Any CPU.Build.0 = Release|Any CPU
		{CF27DC52-FA2F-41F9-BA6F-5721E6066494}.Debug|Any CPU.ActiveCfg = Debug|Any CPU
		{CF27DC52-FA2F-41F9-BA6F-5721E6066494}.Debug|Any CPU.Build.0 = Debug|Any CPU
		{CF27DC52-FA2F-41F9-BA6F-5721E6066494}.Release|Any CPU.ActiveCfg = Release|Any CPU
		{CF27DC52-FA2F-41F9-BA6F-5721E6066494}.Release|Any CPU.Build.0 = Release|Any CPU
		{16A30526-9EF3-4AC9-BD58-93258B55E945}.Debug|Any CPU.ActiveCfg = Debug|Any CPU
		{16A30526-9EF3-4AC9-BD58-93258B55E945}.Debug|Any CPU.Build.0 = Debug|Any CPU
		{16A30526-9EF3-4AC9-BD58-93258B55E945}.Release|Any CPU.ActiveCfg = Release|Any CPU
		{16A30526-9EF3-4AC9-BD58-93258B55E945}.Release|Any CPU.Build.0 = Release|Any CPU
		{EB7609FF-7833-4EB9-921B-C6BA448AE125}.Debug|Any CPU.ActiveCfg = Debug|Any CPU
		{EB7609FF-7833-4EB9-921B-C6BA448AE125}.Debug|Any CPU.Build.0 = Debug|Any CPU
		{EB7609FF-7833-4EB9-921B-C6BA448AE125}.Release|Any CPU.ActiveCfg = Release|Any CPU
		{EB7609FF-7833-4EB9-921B-C6BA448AE125}.Release|Any CPU.Build.0 = Release|Any CPU
		{1DC89BE6-B28C-4BD4-B358-ACEFF7034E5F}.Debug|Any CPU.ActiveCfg = Debug|Any CPU
		{1DC89BE6-B28C-4BD4-B358-ACEFF7034E5F}.Debug|Any CPU.Build.0 = Debug|Any CPU
		{1DC89BE6-B28C-4BD4-B358-ACEFF7034E5F}.Release|Any CPU.ActiveCfg = Release|Any CPU
		{1DC89BE6-B28C-4BD4-B358-ACEFF7034E5F}.Release|Any CPU.Build.0 = Release|Any CPU
		{C6ABD10B-F3BD-4DC7-8B80-724AE0488F1B}.Debug|Any CPU.ActiveCfg = Debug|Any CPU
		{C6ABD10B-F3BD-4DC7-8B80-724AE0488F1B}.Debug|Any CPU.Build.0 = Debug|Any CPU
		{C6ABD10B-F3BD-4DC7-8B80-724AE0488F1B}.Release|Any CPU.ActiveCfg = Release|Any CPU
		{C6ABD10B-F3BD-4DC7-8B80-724AE0488F1B}.Release|Any CPU.Build.0 = Release|Any CPU
		{A387F637-9F5A-449B-9198-E9973CD392EE}.Debug|Any CPU.ActiveCfg = Debug|Any CPU
		{A387F637-9F5A-449B-9198-E9973CD392EE}.Debug|Any CPU.Build.0 = Debug|Any CPU
		{A387F637-9F5A-449B-9198-E9973CD392EE}.Release|Any CPU.ActiveCfg = Release|Any CPU
		{A387F637-9F5A-449B-9198-E9973CD392EE}.Release|Any CPU.Build.0 = Release|Any CPU
		{A6B9CDC9-2260-47D9-930D-EF3DA6A14AF1}.Debug|Any CPU.ActiveCfg = Debug|Any CPU
		{A6B9CDC9-2260-47D9-930D-EF3DA6A14AF1}.Debug|Any CPU.Build.0 = Debug|Any CPU
		{A6B9CDC9-2260-47D9-930D-EF3DA6A14AF1}.Release|Any CPU.ActiveCfg = Release|Any CPU
		{A6B9CDC9-2260-47D9-930D-EF3DA6A14AF1}.Release|Any CPU.Build.0 = Release|Any CPU
		{35EB6646-3B66-4BC2-A55D-2B52A8D9B2ED}.Debug|Any CPU.ActiveCfg = Debug|Any CPU
		{35EB6646-3B66-4BC2-A55D-2B52A8D9B2ED}.Debug|Any CPU.Build.0 = Debug|Any CPU
		{35EB6646-3B66-4BC2-A55D-2B52A8D9B2ED}.Release|Any CPU.ActiveCfg = Release|Any CPU
		{35EB6646-3B66-4BC2-A55D-2B52A8D9B2ED}.Release|Any CPU.Build.0 = Release|Any CPU
	EndGlobalSection
	GlobalSection(SolutionProperties) = preSolution
		HideSolutionNode = FALSE
	EndGlobalSection
	GlobalSection(ExtensibilityGlobals) = postSolution
		SolutionGuid = {275AC0A3-60CE-40CB-944E-F59ABF11F3A7}
	EndGlobalSection
EndGlobal
