
Microsoft Visual Studio Solution File, Format Version 12.00
# Visual Studio Version 17
VisualStudioVersion = 17.2.32526.322
MinimumVisualStudioVersion = 10.0.40219.1
Project("{FAE04EC0-301F-11D3-BF4B-00C04F79EFBC}") = "01. Student System", "01. Student System\01. Student System.csproj", "{EB3045BC-83BB-4687-9E06-FE908AA65ECC}"
EndProject
Project("{FAE04EC0-301F-11D3-BF4B-00C04F79EFBC}") = "03. Football Betting", "03. Football Betting\03. Football Betting.csproj", "{437006F1-94B6-4B72-8340-EC25C9E06CA2}"
EndProject
Global
	GlobalSection(SolutionConfigurationPlatforms) = preSolution
		Debug|Any CPU = Debug|Any CPU
		Release|Any CPU = Release|Any CPU
	EndGlobalSection
	GlobalSection(ProjectConfigurationPlatforms) = postSolution
		{EB3045BC-83BB-4687-9E06-FE908AA65ECC}.Debug|Any CPU.ActiveCfg = Debug|Any CPU
		{EB3045BC-83BB-4687-9E06-FE908AA65ECC}.Debug|Any CPU.Build.0 = Debug|Any CPU
		{EB3045BC-83BB-4687-9E06-FE908AA65ECC}.Release|Any CPU.ActiveCfg = Release|Any CPU
		{EB3045BC-83BB-4687-9E06-FE908AA65ECC}.Release|Any CPU.Build.0 = Release|Any CPU
		{437006F1-94B6-4B72-8340-EC25C9E06CA2}.Debug|Any CPU.ActiveCfg = Debug|Any CPU
		{437006F1-94B6-4B72-8340-EC25C9E06CA2}.Debug|Any CPU.Build.0 = Debug|Any CPU
		{437006F1-94B6-4B72-8340-EC25C9E06CA2}.Release|Any CPU.ActiveCfg = Release|Any CPU
		{437006F1-94B6-4B72-8340-EC25C9E06CA2}.Release|Any CPU.Build.0 = Release|Any CPU
	EndGlobalSection
	GlobalSection(SolutionProperties) = preSolution
		HideSolutionNode = FALSE
	EndGlobalSection
	GlobalSection(ExtensibilityGlobals) = postSolution
		SolutionGuid = {A52472F4-4EAA-4BA3-ADDE-D76AA1B5B463}
	EndGlobalSection
EndGlobal
