
Microsoft Visual Studio Solution File, Format Version 12.00
# Visual Studio Version 17
VisualStudioVersion = 17.2.32526.322
MinimumVisualStudioVersion = 10.0.40219.1
Project("{FAE04EC0-301F-11D3-BF4B-00C04F79EFBC}") = "01. Permutations without Repetition", "01. Permutations without Repetition\01. Permutations without Repetition.csproj", "{90132AF9-563D-4EEA-993E-505025176BCC}"
EndProject
Project("{FAE04EC0-301F-11D3-BF4B-00C04F79EFBC}") = "02. Permutations with Repetition", "02. Permutations with Repetition\02. Permutations with Repetition.csproj", "{178AB3CC-063D-4621-A413-0DD4E0B0061F}"
EndProject
Project("{FAE04EC0-301F-11D3-BF4B-00C04F79EFBC}") = "03. Variations without Repetition", "03. Variations without Repetition\03. Variations without Repetition.csproj", "{676C1475-EF57-4333-90B4-CDFEE3F12716}"
EndProject
Project("{FAE04EC0-301F-11D3-BF4B-00C04F79EFBC}") = "04. Variations with Repetition", "04. Variations with Repetition\04. Variations with Repetition.csproj", "{01537223-7A92-46F2-AD2D-535D9C6CB3E0}"
EndProject
Project("{FAE04EC0-301F-11D3-BF4B-00C04F79EFBC}") = "05. Combinations without Repetition", "05. Combinations without Repetition\05. Combinations without Repetition.csproj", "{325816C7-CEA0-4A2E-864E-FC35CDE8A9D4}"
EndProject
Project("{FAE04EC0-301F-11D3-BF4B-00C04F79EFBC}") = "06. Combinations with Repetition", "06. Combinations with Repetition\06. Combinations with Repetition.csproj", "{D11B830A-7316-4EF1-9AE7-C2B20F1F0A7E}"
EndProject
Project("{FAE04EC0-301F-11D3-BF4B-00C04F79EFBC}") = "07. N Choose K Count", "07. N Choose K Count\07. N Choose K Count.csproj", "{13FB6894-E18F-483E-9698-F02BD6E26717}"
EndProject
Project("{FAE04EC0-301F-11D3-BF4B-00C04F79EFBC}") = "01. Permutations without Repetition - Optimised", "01. Permutations without Repetition - Optimised\01. Permutations without Repetition - Optimised.csproj", "{2968C090-8296-4411-B674-6C371CC07AD2}"
EndProject
Global
	GlobalSection(SolutionConfigurationPlatforms) = preSolution
		Debug|Any CPU = Debug|Any CPU
		Release|Any CPU = Release|Any CPU
	EndGlobalSection
	GlobalSection(ProjectConfigurationPlatforms) = postSolution
		{90132AF9-563D-4EEA-993E-505025176BCC}.Debug|Any CPU.ActiveCfg = Debug|Any CPU
		{90132AF9-563D-4EEA-993E-505025176BCC}.Debug|Any CPU.Build.0 = Debug|Any CPU
		{90132AF9-563D-4EEA-993E-505025176BCC}.Release|Any CPU.ActiveCfg = Release|Any CPU
		{90132AF9-563D-4EEA-993E-505025176BCC}.Release|Any CPU.Build.0 = Release|Any CPU
		{178AB3CC-063D-4621-A413-0DD4E0B0061F}.Debug|Any CPU.ActiveCfg = Debug|Any CPU
		{178AB3CC-063D-4621-A413-0DD4E0B0061F}.Debug|Any CPU.Build.0 = Debug|Any CPU
		{178AB3CC-063D-4621-A413-0DD4E0B0061F}.Release|Any CPU.ActiveCfg = Release|Any CPU
		{178AB3CC-063D-4621-A413-0DD4E0B0061F}.Release|Any CPU.Build.0 = Release|Any CPU
		{676C1475-EF57-4333-90B4-CDFEE3F12716}.Debug|Any CPU.ActiveCfg = Debug|Any CPU
		{676C1475-EF57-4333-90B4-CDFEE3F12716}.Debug|Any CPU.Build.0 = Debug|Any CPU
		{676C1475-EF57-4333-90B4-CDFEE3F12716}.Release|Any CPU.ActiveCfg = Release|Any CPU
		{676C1475-EF57-4333-90B4-CDFEE3F12716}.Release|Any CPU.Build.0 = Release|Any CPU
		{01537223-7A92-46F2-AD2D-535D9C6CB3E0}.Debug|Any CPU.ActiveCfg = Debug|Any CPU
		{01537223-7A92-46F2-AD2D-535D9C6CB3E0}.Debug|Any CPU.Build.0 = Debug|Any CPU
		{01537223-7A92-46F2-AD2D-535D9C6CB3E0}.Release|Any CPU.ActiveCfg = Release|Any CPU
		{01537223-7A92-46F2-AD2D-535D9C6CB3E0}.Release|Any CPU.Build.0 = Release|Any CPU
		{325816C7-CEA0-4A2E-864E-FC35CDE8A9D4}.Debug|Any CPU.ActiveCfg = Debug|Any CPU
		{325816C7-CEA0-4A2E-864E-FC35CDE8A9D4}.Debug|Any CPU.Build.0 = Debug|Any CPU
		{325816C7-CEA0-4A2E-864E-FC35CDE8A9D4}.Release|Any CPU.ActiveCfg = Release|Any CPU
		{325816C7-CEA0-4A2E-864E-FC35CDE8A9D4}.Release|Any CPU.Build.0 = Release|Any CPU
		{D11B830A-7316-4EF1-9AE7-C2B20F1F0A7E}.Debug|Any CPU.ActiveCfg = Debug|Any CPU
		{D11B830A-7316-4EF1-9AE7-C2B20F1F0A7E}.Debug|Any CPU.Build.0 = Debug|Any CPU
		{D11B830A-7316-4EF1-9AE7-C2B20F1F0A7E}.Release|Any CPU.ActiveCfg = Release|Any CPU
		{D11B830A-7316-4EF1-9AE7-C2B20F1F0A7E}.Release|Any CPU.Build.0 = Release|Any CPU
		{13FB6894-E18F-483E-9698-F02BD6E26717}.Debug|Any CPU.ActiveCfg = Debug|Any CPU
		{13FB6894-E18F-483E-9698-F02BD6E26717}.Debug|Any CPU.Build.0 = Debug|Any CPU
		{13FB6894-E18F-483E-9698-F02BD6E26717}.Release|Any CPU.ActiveCfg = Release|Any CPU
		{13FB6894-E18F-483E-9698-F02BD6E26717}.Release|Any CPU.Build.0 = Release|Any CPU
		{2968C090-8296-4411-B674-6C371CC07AD2}.Debug|Any CPU.ActiveCfg = Debug|Any CPU
		{2968C090-8296-4411-B674-6C371CC07AD2}.Debug|Any CPU.Build.0 = Debug|Any CPU
		{2968C090-8296-4411-B674-6C371CC07AD2}.Release|Any CPU.ActiveCfg = Release|Any CPU
		{2968C090-8296-4411-B674-6C371CC07AD2}.Release|Any CPU.Build.0 = Release|Any CPU
	EndGlobalSection
	GlobalSection(SolutionProperties) = preSolution
		HideSolutionNode = FALSE
	EndGlobalSection
	GlobalSection(ExtensibilityGlobals) = postSolution
		SolutionGuid = {2A59A104-5D42-4317-BB4B-CB95F97CD857}
	EndGlobalSection
EndGlobal
