
Microsoft Visual Studio Solution File, Format Version 12.00
# Visual Studio Version 17
VisualStudioVersion = 17.2.32519.379
MinimumVisualStudioVersion = 10.0.40219.1
Project("{FAE04EC0-301F-11D3-BF4B-00C04F79EFBC}") = "01.Student Information", "01.Student Information\01.Student Information.csproj", "{A2010060-13A8-44F5-AF31-F04D195AAE49}"
EndProject
Project("{FAE04EC0-301F-11D3-BF4B-00C04F79EFBC}") = "02.Passed", "02.Passed\02.Passed.csproj", "{04F15137-D318-4498-BFD6-DC29B41D3B7A}"
EndProject
Project("{FAE04EC0-301F-11D3-BF4B-00C04F79EFBC}") = "03.Passed or Failed", "03.Passed or Failed\03.Passed or Failed.csproj", "{39F3BC98-7723-4BDB-B040-566F0B5943AB}"
EndProject
Project("{FAE04EC0-301F-11D3-BF4B-00C04F79EFBC}") = "04.Back In 30 Minutes", "04.Back In 30 Minutes\04.Back In 30 Minutes.csproj", "{E721372C-3263-4FA9-AABD-17C25D065610}"
EndProject
Project("{FAE04EC0-301F-11D3-BF4B-00C04F79EFBC}") = "05.Month Printer", "05.Month Printer\05.Month Printer.csproj", "{4D4EBC67-9A59-48FA-AF53-AD1C47822C83}"
EndProject
Project("{FAE04EC0-301F-11D3-BF4B-00C04F79EFBC}") = "06.Foreign Languages", "06.Foreign Languages\06.Foreign Languages.csproj", "{3AAB1901-0DE2-4DE4-A6B2-8CD7F5A873EF}"
EndProject
Project("{FAE04EC0-301F-11D3-BF4B-00C04F79EFBC}") = "07.Theatre Promotion", "07.Theatre Promotion\07.Theatre Promotion.csproj", "{1710AF40-2FBE-486A-8BF8-D65C95D822FD}"
EndProject
Project("{FAE04EC0-301F-11D3-BF4B-00C04F79EFBC}") = "08.Divisible by 3", "08.Divisible by 3\08.Divisible by 3.csproj", "{F49CE068-1D6F-447C-9F8C-1B6C78408BA9}"
EndProject
Project("{FAE04EC0-301F-11D3-BF4B-00C04F79EFBC}") = "09.Sum of Odd Numbers", "09.Sum of Odd Numbers\09.Sum of Odd Numbers.csproj", "{2ADE06C3-74B9-4CC2-9AA5-3348130F643A}"
EndProject
Project("{FAE04EC0-301F-11D3-BF4B-00C04F79EFBC}") = "10.Multiplication Table", "10.Multiplication Table\10.Multiplication Table.csproj", "{D9EA89EB-FBA4-49A1-AEF0-E895D90D6742}"
EndProject
Project("{FAE04EC0-301F-11D3-BF4B-00C04F79EFBC}") = "11.Multiplication Table 2.0", "11.Multiplication Table 2.0\11.Multiplication Table 2.0.csproj", "{1C36E87D-BFD3-44E6-BB94-C2DDFE373CB3}"
EndProject
Project("{FAE04EC0-301F-11D3-BF4B-00C04F79EFBC}") = "12.Even Number", "12.Even Number\12.Even Number.csproj", "{88D9CCC2-5A7C-4538-8BCB-DB253EF29B7B}"
EndProject
Project("{FAE04EC0-301F-11D3-BF4B-00C04F79EFBC}") = "13.Holidays Between Two Dates", "13.Holidays Between Two Dates\13.Holidays Between Two Dates.csproj", "{0D554C84-456A-4064-A5A1-B1D7E4FE021E}"
EndProject
Global
	GlobalSection(SolutionConfigurationPlatforms) = preSolution
		Debug|Any CPU = Debug|Any CPU
		Release|Any CPU = Release|Any CPU
	EndGlobalSection
	GlobalSection(ProjectConfigurationPlatforms) = postSolution
		{A2010060-13A8-44F5-AF31-F04D195AAE49}.Debug|Any CPU.ActiveCfg = Debug|Any CPU
		{A2010060-13A8-44F5-AF31-F04D195AAE49}.Debug|Any CPU.Build.0 = Debug|Any CPU
		{A2010060-13A8-44F5-AF31-F04D195AAE49}.Release|Any CPU.ActiveCfg = Release|Any CPU
		{A2010060-13A8-44F5-AF31-F04D195AAE49}.Release|Any CPU.Build.0 = Release|Any CPU
		{04F15137-D318-4498-BFD6-DC29B41D3B7A}.Debug|Any CPU.ActiveCfg = Debug|Any CPU
		{04F15137-D318-4498-BFD6-DC29B41D3B7A}.Debug|Any CPU.Build.0 = Debug|Any CPU
		{04F15137-D318-4498-BFD6-DC29B41D3B7A}.Release|Any CPU.ActiveCfg = Release|Any CPU
		{04F15137-D318-4498-BFD6-DC29B41D3B7A}.Release|Any CPU.Build.0 = Release|Any CPU
		{39F3BC98-7723-4BDB-B040-566F0B5943AB}.Debug|Any CPU.ActiveCfg = Debug|Any CPU
		{39F3BC98-7723-4BDB-B040-566F0B5943AB}.Debug|Any CPU.Build.0 = Debug|Any CPU
		{39F3BC98-7723-4BDB-B040-566F0B5943AB}.Release|Any CPU.ActiveCfg = Release|Any CPU
		{39F3BC98-7723-4BDB-B040-566F0B5943AB}.Release|Any CPU.Build.0 = Release|Any CPU
		{E721372C-3263-4FA9-AABD-17C25D065610}.Debug|Any CPU.ActiveCfg = Debug|Any CPU
		{E721372C-3263-4FA9-AABD-17C25D065610}.Debug|Any CPU.Build.0 = Debug|Any CPU
		{E721372C-3263-4FA9-AABD-17C25D065610}.Release|Any CPU.ActiveCfg = Release|Any CPU
		{E721372C-3263-4FA9-AABD-17C25D065610}.Release|Any CPU.Build.0 = Release|Any CPU
		{4D4EBC67-9A59-48FA-AF53-AD1C47822C83}.Debug|Any CPU.ActiveCfg = Debug|Any CPU
		{4D4EBC67-9A59-48FA-AF53-AD1C47822C83}.Debug|Any CPU.Build.0 = Debug|Any CPU
		{4D4EBC67-9A59-48FA-AF53-AD1C47822C83}.Release|Any CPU.ActiveCfg = Release|Any CPU
		{4D4EBC67-9A59-48FA-AF53-AD1C47822C83}.Release|Any CPU.Build.0 = Release|Any CPU
		{3AAB1901-0DE2-4DE4-A6B2-8CD7F5A873EF}.Debug|Any CPU.ActiveCfg = Debug|Any CPU
		{3AAB1901-0DE2-4DE4-A6B2-8CD7F5A873EF}.Debug|Any CPU.Build.0 = Debug|Any CPU
		{3AAB1901-0DE2-4DE4-A6B2-8CD7F5A873EF}.Release|Any CPU.ActiveCfg = Release|Any CPU
		{3AAB1901-0DE2-4DE4-A6B2-8CD7F5A873EF}.Release|Any CPU.Build.0 = Release|Any CPU
		{1710AF40-2FBE-486A-8BF8-D65C95D822FD}.Debug|Any CPU.ActiveCfg = Debug|Any CPU
		{1710AF40-2FBE-486A-8BF8-D65C95D822FD}.Debug|Any CPU.Build.0 = Debug|Any CPU
		{1710AF40-2FBE-486A-8BF8-D65C95D822FD}.Release|Any CPU.ActiveCfg = Release|Any CPU
		{1710AF40-2FBE-486A-8BF8-D65C95D822FD}.Release|Any CPU.Build.0 = Release|Any CPU
		{F49CE068-1D6F-447C-9F8C-1B6C78408BA9}.Debug|Any CPU.ActiveCfg = Debug|Any CPU
		{F49CE068-1D6F-447C-9F8C-1B6C78408BA9}.Debug|Any CPU.Build.0 = Debug|Any CPU
		{F49CE068-1D6F-447C-9F8C-1B6C78408BA9}.Release|Any CPU.ActiveCfg = Release|Any CPU
		{F49CE068-1D6F-447C-9F8C-1B6C78408BA9}.Release|Any CPU.Build.0 = Release|Any CPU
		{2ADE06C3-74B9-4CC2-9AA5-3348130F643A}.Debug|Any CPU.ActiveCfg = Debug|Any CPU
		{2ADE06C3-74B9-4CC2-9AA5-3348130F643A}.Debug|Any CPU.Build.0 = Debug|Any CPU
		{2ADE06C3-74B9-4CC2-9AA5-3348130F643A}.Release|Any CPU.ActiveCfg = Release|Any CPU
		{2ADE06C3-74B9-4CC2-9AA5-3348130F643A}.Release|Any CPU.Build.0 = Release|Any CPU
		{D9EA89EB-FBA4-49A1-AEF0-E895D90D6742}.Debug|Any CPU.ActiveCfg = Debug|Any CPU
		{D9EA89EB-FBA4-49A1-AEF0-E895D90D6742}.Debug|Any CPU.Build.0 = Debug|Any CPU
		{D9EA89EB-FBA4-49A1-AEF0-E895D90D6742}.Release|Any CPU.ActiveCfg = Release|Any CPU
		{D9EA89EB-FBA4-49A1-AEF0-E895D90D6742}.Release|Any CPU.Build.0 = Release|Any CPU
		{1C36E87D-BFD3-44E6-BB94-C2DDFE373CB3}.Debug|Any CPU.ActiveCfg = Debug|Any CPU
		{1C36E87D-BFD3-44E6-BB94-C2DDFE373CB3}.Debug|Any CPU.Build.0 = Debug|Any CPU
		{1C36E87D-BFD3-44E6-BB94-C2DDFE373CB3}.Release|Any CPU.ActiveCfg = Release|Any CPU
		{1C36E87D-BFD3-44E6-BB94-C2DDFE373CB3}.Release|Any CPU.Build.0 = Release|Any CPU
		{88D9CCC2-5A7C-4538-8BCB-DB253EF29B7B}.Debug|Any CPU.ActiveCfg = Debug|Any CPU
		{88D9CCC2-5A7C-4538-8BCB-DB253EF29B7B}.Debug|Any CPU.Build.0 = Debug|Any CPU
		{88D9CCC2-5A7C-4538-8BCB-DB253EF29B7B}.Release|Any CPU.ActiveCfg = Release|Any CPU
		{88D9CCC2-5A7C-4538-8BCB-DB253EF29B7B}.Release|Any CPU.Build.0 = Release|Any CPU
		{0D554C84-456A-4064-A5A1-B1D7E4FE021E}.Debug|Any CPU.ActiveCfg = Debug|Any CPU
		{0D554C84-456A-4064-A5A1-B1D7E4FE021E}.Debug|Any CPU.Build.0 = Debug|Any CPU
		{0D554C84-456A-4064-A5A1-B1D7E4FE021E}.Release|Any CPU.ActiveCfg = Release|Any CPU
		{0D554C84-456A-4064-A5A1-B1D7E4FE021E}.Release|Any CPU.Build.0 = Release|Any CPU
	EndGlobalSection
	GlobalSection(SolutionProperties) = preSolution
		HideSolutionNode = FALSE
	EndGlobalSection
	GlobalSection(ExtensibilityGlobals) = postSolution
		SolutionGuid = {4A8784A7-938F-453F-AA6C-7C0B676F8F4B}
	EndGlobalSection
EndGlobal
