
Microsoft Visual Studio Solution File, Format Version 12.00
# Visual Studio Version 17
VisualStudioVersion = 17.2.32526.322
MinimumVisualStudioVersion = 10.0.40219.1
Project("{FAE04EC0-301F-11D3-BF4B-00C04F79EFBC}") = "01. Class Box Data", "01. Class Box Data\01. Class Box Data.csproj", "{23A34249-A60A-4D30-8E20-966902898165}"
EndProject
Project("{FAE04EC0-301F-11D3-BF4B-00C04F79EFBC}") = "02. Animal Farm", "02. Animal Farm\02. Animal Farm.csproj", "{627B4774-36CC-4B23-8A40-F7B3A6825E4A}"
EndProject
Project("{FAE04EC0-301F-11D3-BF4B-00C04F79EFBC}") = "03. Shopping Spree", "03. Shopping Spree\03. Shopping Spree.csproj", "{361A4EEE-E17E-41C2-9F35-F93F381A3E74}"
EndProject
Project("{FAE04EC0-301F-11D3-BF4B-00C04F79EFBC}") = "04. Pizza Calories", "04. Pizza Calories\04. Pizza Calories.csproj", "{E985AB8E-D118-4349-A013-71958483A576}"
EndProject
Project("{FAE04EC0-301F-11D3-BF4B-00C04F79EFBC}") = "05. Football Team Generator", "05. Football Team Generator\05. Football Team Generator.csproj", "{E6564A25-3DB1-4EB9-AEB8-3976CB887E18}"
EndProject
Global
	GlobalSection(SolutionConfigurationPlatforms) = preSolution
		Debug|Any CPU = Debug|Any CPU
		Release|Any CPU = Release|Any CPU
	EndGlobalSection
	GlobalSection(ProjectConfigurationPlatforms) = postSolution
		{23A34249-A60A-4D30-8E20-966902898165}.Debug|Any CPU.ActiveCfg = Debug|Any CPU
		{23A34249-A60A-4D30-8E20-966902898165}.Debug|Any CPU.Build.0 = Debug|Any CPU
		{23A34249-A60A-4D30-8E20-966902898165}.Release|Any CPU.ActiveCfg = Release|Any CPU
		{23A34249-A60A-4D30-8E20-966902898165}.Release|Any CPU.Build.0 = Release|Any CPU
		{627B4774-36CC-4B23-8A40-F7B3A6825E4A}.Debug|Any CPU.ActiveCfg = Debug|Any CPU
		{627B4774-36CC-4B23-8A40-F7B3A6825E4A}.Debug|Any CPU.Build.0 = Debug|Any CPU
		{627B4774-36CC-4B23-8A40-F7B3A6825E4A}.Release|Any CPU.ActiveCfg = Release|Any CPU
		{627B4774-36CC-4B23-8A40-F7B3A6825E4A}.Release|Any CPU.Build.0 = Release|Any CPU
		{361A4EEE-E17E-41C2-9F35-F93F381A3E74}.Debug|Any CPU.ActiveCfg = Debug|Any CPU
		{361A4EEE-E17E-41C2-9F35-F93F381A3E74}.Debug|Any CPU.Build.0 = Debug|Any CPU
		{361A4EEE-E17E-41C2-9F35-F93F381A3E74}.Release|Any CPU.ActiveCfg = Release|Any CPU
		{361A4EEE-E17E-41C2-9F35-F93F381A3E74}.Release|Any CPU.Build.0 = Release|Any CPU
		{E985AB8E-D118-4349-A013-71958483A576}.Debug|Any CPU.ActiveCfg = Debug|Any CPU
		{E985AB8E-D118-4349-A013-71958483A576}.Debug|Any CPU.Build.0 = Debug|Any CPU
		{E985AB8E-D118-4349-A013-71958483A576}.Release|Any CPU.ActiveCfg = Release|Any CPU
		{E985AB8E-D118-4349-A013-71958483A576}.Release|Any CPU.Build.0 = Release|Any CPU
		{E6564A25-3DB1-4EB9-AEB8-3976CB887E18}.Debug|Any CPU.ActiveCfg = Debug|Any CPU
		{E6564A25-3DB1-4EB9-AEB8-3976CB887E18}.Debug|Any CPU.Build.0 = Debug|Any CPU
		{E6564A25-3DB1-4EB9-AEB8-3976CB887E18}.Release|Any CPU.ActiveCfg = Release|Any CPU
		{E6564A25-3DB1-4EB9-AEB8-3976CB887E18}.Release|Any CPU.Build.0 = Release|Any CPU
	EndGlobalSection
	GlobalSection(SolutionProperties) = preSolution
		HideSolutionNode = FALSE
	EndGlobalSection
	GlobalSection(ExtensibilityGlobals) = postSolution
		SolutionGuid = {7F01BB2F-01E3-4052-82CF-F07731BDABBD}
	EndGlobalSection
EndGlobal
