
Microsoft Visual Studio Solution File, Format Version 12.00
# Visual Studio Version 17
VisualStudioVersion = 17.2.32519.379
MinimumVisualStudioVersion = 10.0.40219.1
Project("{FAE04EC0-301F-11D3-BF4B-00C04F79EFBC}") = "01.Reverse Strings", "01.Reverse Strings\01.Reverse Strings.csproj", "{57D1E244-7379-4455-834F-4DB64B2C215D}"
EndProject
Project("{FAE04EC0-301F-11D3-BF4B-00C04F79EFBC}") = "02.Repeat Strings", "02.Repeat Strings\02.Repeat Strings.csproj", "{D559CD6E-7551-4A8E-9603-2EEEDBBED7B9}"
EndProject
Project("{FAE04EC0-301F-11D3-BF4B-00C04F79EFBC}") = "03.Substring", "03.Substring\03.Substring.csproj", "{FC334E6D-1F7D-4DA3-87BB-048EBB252D9E}"
EndProject
Project("{FAE04EC0-301F-11D3-BF4B-00C04F79EFBC}") = "04.Text Filter", "04.Text Filter\04.Text Filter.csproj", "{9BFDFA5F-5E25-41A7-94C2-915A64ABA7A4}"
EndProject
Project("{FAE04EC0-301F-11D3-BF4B-00C04F79EFBC}") = "05.Digits, Letters and Other", "05.Digits, Letters and Other\05.Digits, Letters and Other.csproj", "{53403B6B-9D77-43A9-9251-086D5B17A11B}"
EndProject
Global
	GlobalSection(SolutionConfigurationPlatforms) = preSolution
		Debug|Any CPU = Debug|Any CPU
		Release|Any CPU = Release|Any CPU
	EndGlobalSection
	GlobalSection(ProjectConfigurationPlatforms) = postSolution
		{57D1E244-7379-4455-834F-4DB64B2C215D}.Debug|Any CPU.ActiveCfg = Debug|Any CPU
		{57D1E244-7379-4455-834F-4DB64B2C215D}.Debug|Any CPU.Build.0 = Debug|Any CPU
		{57D1E244-7379-4455-834F-4DB64B2C215D}.Release|Any CPU.ActiveCfg = Release|Any CPU
		{57D1E244-7379-4455-834F-4DB64B2C215D}.Release|Any CPU.Build.0 = Release|Any CPU
		{D559CD6E-7551-4A8E-9603-2EEEDBBED7B9}.Debug|Any CPU.ActiveCfg = Debug|Any CPU
		{D559CD6E-7551-4A8E-9603-2EEEDBBED7B9}.Debug|Any CPU.Build.0 = Debug|Any CPU
		{D559CD6E-7551-4A8E-9603-2EEEDBBED7B9}.Release|Any CPU.ActiveCfg = Release|Any CPU
		{D559CD6E-7551-4A8E-9603-2EEEDBBED7B9}.Release|Any CPU.Build.0 = Release|Any CPU
		{FC334E6D-1F7D-4DA3-87BB-048EBB252D9E}.Debug|Any CPU.ActiveCfg = Debug|Any CPU
		{FC334E6D-1F7D-4DA3-87BB-048EBB252D9E}.Debug|Any CPU.Build.0 = Debug|Any CPU
		{FC334E6D-1F7D-4DA3-87BB-048EBB252D9E}.Release|Any CPU.ActiveCfg = Release|Any CPU
		{FC334E6D-1F7D-4DA3-87BB-048EBB252D9E}.Release|Any CPU.Build.0 = Release|Any CPU
		{9BFDFA5F-5E25-41A7-94C2-915A64ABA7A4}.Debug|Any CPU.ActiveCfg = Debug|Any CPU
		{9BFDFA5F-5E25-41A7-94C2-915A64ABA7A4}.Debug|Any CPU.Build.0 = Debug|Any CPU
		{9BFDFA5F-5E25-41A7-94C2-915A64ABA7A4}.Release|Any CPU.ActiveCfg = Release|Any CPU
		{9BFDFA5F-5E25-41A7-94C2-915A64ABA7A4}.Release|Any CPU.Build.0 = Release|Any CPU
		{53403B6B-9D77-43A9-9251-086D5B17A11B}.Debug|Any CPU.ActiveCfg = Debug|Any CPU
		{53403B6B-9D77-43A9-9251-086D5B17A11B}.Debug|Any CPU.Build.0 = Debug|Any CPU
		{53403B6B-9D77-43A9-9251-086D5B17A11B}.Release|Any CPU.ActiveCfg = Release|Any CPU
		{53403B6B-9D77-43A9-9251-086D5B17A11B}.Release|Any CPU.Build.0 = Release|Any CPU
	EndGlobalSection
	GlobalSection(SolutionProperties) = preSolution
		HideSolutionNode = FALSE
	EndGlobalSection
	GlobalSection(ExtensibilityGlobals) = postSolution
		SolutionGuid = {7C679F50-D02D-42F3-9FB3-AFF83B5DF974}
	EndGlobalSection
EndGlobal
