
Microsoft Visual Studio Solution File, Format Version 12.00
# Visual Studio Version 17
VisualStudioVersion = 17.2.32519.379
MinimumVisualStudioVersion = 10.0.40219.1
Project("{9A19103F-16F7-4668-BE54-9A1E7A4F7556}") = "01.Ages", "01.Ages\01.Ages.csproj", "{64E32462-02DD-4A57-8F2F-13B0195DF309}"
EndProject
Project("{9A19103F-16F7-4668-BE54-9A1E7A4F7556}") = "02.Division", "02.Division\02.Division.csproj", "{8C83AA04-2C83-484F-990A-4398D505C0A2}"
EndProject
Project("{9A19103F-16F7-4668-BE54-9A1E7A4F7556}") = "03.Vacation", "03.Vacation\03.Vacation.csproj", "{2DD5795A-9471-4161-9BD4-F88C29E89C01}"
EndProject
Project("{FAE04EC0-301F-11D3-BF4B-00C04F79EFBC}") = "04.Print and sum", "04.Print and sum\04.Print and sum.csproj", "{4548E9CC-B404-4755-8C07-994F67E24D58}"
EndProject
Project("{FAE04EC0-301F-11D3-BF4B-00C04F79EFBC}") = "05.Login", "05.Login\05.Login.csproj", "{F1494BAA-B81A-4F5D-B446-D287A056DC44}"
EndProject
Project("{FAE04EC0-301F-11D3-BF4B-00C04F79EFBC}") = "06.Strong number", "06.Strong number\06.Strong number.csproj", "{6124780B-6A7A-479D-A2F2-5D8BB4162CC4}"
EndProject
Project("{FAE04EC0-301F-11D3-BF4B-00C04F79EFBC}") = "07.Vending Machine", "07.Vending Machine\07.Vending Machine.csproj", "{433DCEE8-C5C2-4C1A-B4EB-C047D668E92B}"
EndProject
Project("{FAE04EC0-301F-11D3-BF4B-00C04F79EFBC}") = "08.Triangle of Numbers", "08.Triangle of Numbers\08.Triangle of Numbers.csproj", "{BFB8CCA9-797D-40BD-A392-2F07A5E23A33}"
EndProject
Project("{FAE04EC0-301F-11D3-BF4B-00C04F79EFBC}") = "09.Padawan Equipment", "09.Padawan Equipment\09.Padawan Equipment.csproj", "{6D302630-751D-4E45-ABD6-A6A9B20C511C}"
EndProject
Project("{FAE04EC0-301F-11D3-BF4B-00C04F79EFBC}") = "10.Rage Expenses", "10.Rage Expenses\10.Rage Expenses.csproj", "{2B1CBEEB-F823-4C12-A93C-76114E88DE91}"
EndProject
Project("{FAE04EC0-301F-11D3-BF4B-00C04F79EFBC}") = "11.Orders", "11.Orders\11.Orders.csproj", "{F54D3CAB-7E46-43AA-A4BF-360BFC31D896}"
EndProject
Global
	GlobalSection(SolutionConfigurationPlatforms) = preSolution
		Debug|Any CPU = Debug|Any CPU
		Release|Any CPU = Release|Any CPU
	EndGlobalSection
	GlobalSection(ProjectConfigurationPlatforms) = postSolution
		{64E32462-02DD-4A57-8F2F-13B0195DF309}.Debug|Any CPU.ActiveCfg = Debug|Any CPU
		{64E32462-02DD-4A57-8F2F-13B0195DF309}.Debug|Any CPU.Build.0 = Debug|Any CPU
		{64E32462-02DD-4A57-8F2F-13B0195DF309}.Release|Any CPU.ActiveCfg = Release|Any CPU
		{64E32462-02DD-4A57-8F2F-13B0195DF309}.Release|Any CPU.Build.0 = Release|Any CPU
		{8C83AA04-2C83-484F-990A-4398D505C0A2}.Debug|Any CPU.ActiveCfg = Debug|Any CPU
		{8C83AA04-2C83-484F-990A-4398D505C0A2}.Debug|Any CPU.Build.0 = Debug|Any CPU
		{8C83AA04-2C83-484F-990A-4398D505C0A2}.Release|Any CPU.ActiveCfg = Release|Any CPU
		{8C83AA04-2C83-484F-990A-4398D505C0A2}.Release|Any CPU.Build.0 = Release|Any CPU
		{2DD5795A-9471-4161-9BD4-F88C29E89C01}.Debug|Any CPU.ActiveCfg = Debug|Any CPU
		{2DD5795A-9471-4161-9BD4-F88C29E89C01}.Debug|Any CPU.Build.0 = Debug|Any CPU
		{2DD5795A-9471-4161-9BD4-F88C29E89C01}.Release|Any CPU.ActiveCfg = Release|Any CPU
		{2DD5795A-9471-4161-9BD4-F88C29E89C01}.Release|Any CPU.Build.0 = Release|Any CPU
		{4548E9CC-B404-4755-8C07-994F67E24D58}.Debug|Any CPU.ActiveCfg = Debug|Any CPU
		{4548E9CC-B404-4755-8C07-994F67E24D58}.Debug|Any CPU.Build.0 = Debug|Any CPU
		{4548E9CC-B404-4755-8C07-994F67E24D58}.Release|Any CPU.ActiveCfg = Release|Any CPU
		{4548E9CC-B404-4755-8C07-994F67E24D58}.Release|Any CPU.Build.0 = Release|Any CPU
		{F1494BAA-B81A-4F5D-B446-D287A056DC44}.Debug|Any CPU.ActiveCfg = Debug|Any CPU
		{F1494BAA-B81A-4F5D-B446-D287A056DC44}.Debug|Any CPU.Build.0 = Debug|Any CPU
		{F1494BAA-B81A-4F5D-B446-D287A056DC44}.Release|Any CPU.ActiveCfg = Release|Any CPU
		{F1494BAA-B81A-4F5D-B446-D287A056DC44}.Release|Any CPU.Build.0 = Release|Any CPU
		{6124780B-6A7A-479D-A2F2-5D8BB4162CC4}.Debug|Any CPU.ActiveCfg = Debug|Any CPU
		{6124780B-6A7A-479D-A2F2-5D8BB4162CC4}.Debug|Any CPU.Build.0 = Debug|Any CPU
		{6124780B-6A7A-479D-A2F2-5D8BB4162CC4}.Release|Any CPU.ActiveCfg = Release|Any CPU
		{6124780B-6A7A-479D-A2F2-5D8BB4162CC4}.Release|Any CPU.Build.0 = Release|Any CPU
		{433DCEE8-C5C2-4C1A-B4EB-C047D668E92B}.Debug|Any CPU.ActiveCfg = Debug|Any CPU
		{433DCEE8-C5C2-4C1A-B4EB-C047D668E92B}.Debug|Any CPU.Build.0 = Debug|Any CPU
		{433DCEE8-C5C2-4C1A-B4EB-C047D668E92B}.Release|Any CPU.ActiveCfg = Release|Any CPU
		{433DCEE8-C5C2-4C1A-B4EB-C047D668E92B}.Release|Any CPU.Build.0 = Release|Any CPU
		{BFB8CCA9-797D-40BD-A392-2F07A5E23A33}.Debug|Any CPU.ActiveCfg = Debug|Any CPU
		{BFB8CCA9-797D-40BD-A392-2F07A5E23A33}.Debug|Any CPU.Build.0 = Debug|Any CPU
		{BFB8CCA9-797D-40BD-A392-2F07A5E23A33}.Release|Any CPU.ActiveCfg = Release|Any CPU
		{BFB8CCA9-797D-40BD-A392-2F07A5E23A33}.Release|Any CPU.Build.0 = Release|Any CPU
		{6D302630-751D-4E45-ABD6-A6A9B20C511C}.Debug|Any CPU.ActiveCfg = Debug|Any CPU
		{6D302630-751D-4E45-ABD6-A6A9B20C511C}.Debug|Any CPU.Build.0 = Debug|Any CPU
		{6D302630-751D-4E45-ABD6-A6A9B20C511C}.Release|Any CPU.ActiveCfg = Release|Any CPU
		{6D302630-751D-4E45-ABD6-A6A9B20C511C}.Release|Any CPU.Build.0 = Release|Any CPU
		{2B1CBEEB-F823-4C12-A93C-76114E88DE91}.Debug|Any CPU.ActiveCfg = Debug|Any CPU
		{2B1CBEEB-F823-4C12-A93C-76114E88DE91}.Debug|Any CPU.Build.0 = Debug|Any CPU
		{2B1CBEEB-F823-4C12-A93C-76114E88DE91}.Release|Any CPU.ActiveCfg = Release|Any CPU
		{2B1CBEEB-F823-4C12-A93C-76114E88DE91}.Release|Any CPU.Build.0 = Release|Any CPU
		{F54D3CAB-7E46-43AA-A4BF-360BFC31D896}.Debug|Any CPU.ActiveCfg = Debug|Any CPU
		{F54D3CAB-7E46-43AA-A4BF-360BFC31D896}.Debug|Any CPU.Build.0 = Debug|Any CPU
		{F54D3CAB-7E46-43AA-A4BF-360BFC31D896}.Release|Any CPU.ActiveCfg = Release|Any CPU
		{F54D3CAB-7E46-43AA-A4BF-360BFC31D896}.Release|Any CPU.Build.0 = Release|Any CPU
	EndGlobalSection
	GlobalSection(SolutionProperties) = preSolution
		HideSolutionNode = FALSE
	EndGlobalSection
	GlobalSection(ExtensibilityGlobals) = postSolution
		SolutionGuid = {08297E11-3100-4AA8-84F1-17F9B9D2D902}
	EndGlobalSection
EndGlobal
