
Microsoft Visual Studio Solution File, Format Version 12.00
# Visual Studio Version 17
VisualStudioVersion = 17.2.32526.322
MinimumVisualStudioVersion = 10.0.40219.1
Project("{FAE04EC0-301F-11D3-BF4B-00C04F79EFBC}") = "01. Single Inheritance", "01. Single Inheritance\01. Single Inheritance.csproj", "{0387CEAB-D490-43B6-B93A-2CC9663C6599}"
EndProject
Project("{FAE04EC0-301F-11D3-BF4B-00C04F79EFBC}") = "02. Multiple Inheritance", "02. Multiple Inheritance\02. Multiple Inheritance.csproj", "{ADB2A559-99CF-4CC6-B4F8-4B5BA33F363F}"
EndProject
Project("{FAE04EC0-301F-11D3-BF4B-00C04F79EFBC}") = "03. Hierarchical Inheritance", "03. Hierarchical Inheritance\03. Hierarchical Inheritance.csproj", "{2CABA7EA-A95D-4BCF-978A-B476A1A8DEB5}"
EndProject
Project("{FAE04EC0-301F-11D3-BF4B-00C04F79EFBC}") = "04. Random List", "04. Random List\04. Random List.csproj", "{427D157B-C03B-455A-A2AD-AD73AF601C5C}"
EndProject
Project("{FAE04EC0-301F-11D3-BF4B-00C04F79EFBC}") = "05. Stack of Strings", "05. Stack of Strings\05. Stack of Strings.csproj", "{54C3E424-45AB-43B5-A573-79222924A623}"
EndProject
Global
	GlobalSection(SolutionConfigurationPlatforms) = preSolution
		Debug|Any CPU = Debug|Any CPU
		Release|Any CPU = Release|Any CPU
	EndGlobalSection
	GlobalSection(ProjectConfigurationPlatforms) = postSolution
		{0387CEAB-D490-43B6-B93A-2CC9663C6599}.Debug|Any CPU.ActiveCfg = Debug|Any CPU
		{0387CEAB-D490-43B6-B93A-2CC9663C6599}.Debug|Any CPU.Build.0 = Debug|Any CPU
		{0387CEAB-D490-43B6-B93A-2CC9663C6599}.Release|Any CPU.ActiveCfg = Release|Any CPU
		{0387CEAB-D490-43B6-B93A-2CC9663C6599}.Release|Any CPU.Build.0 = Release|Any CPU
		{ADB2A559-99CF-4CC6-B4F8-4B5BA33F363F}.Debug|Any CPU.ActiveCfg = Debug|Any CPU
		{ADB2A559-99CF-4CC6-B4F8-4B5BA33F363F}.Debug|Any CPU.Build.0 = Debug|Any CPU
		{ADB2A559-99CF-4CC6-B4F8-4B5BA33F363F}.Release|Any CPU.ActiveCfg = Release|Any CPU
		{ADB2A559-99CF-4CC6-B4F8-4B5BA33F363F}.Release|Any CPU.Build.0 = Release|Any CPU
		{2CABA7EA-A95D-4BCF-978A-B476A1A8DEB5}.Debug|Any CPU.ActiveCfg = Debug|Any CPU
		{2CABA7EA-A95D-4BCF-978A-B476A1A8DEB5}.Debug|Any CPU.Build.0 = Debug|Any CPU
		{2CABA7EA-A95D-4BCF-978A-B476A1A8DEB5}.Release|Any CPU.ActiveCfg = Release|Any CPU
		{2CABA7EA-A95D-4BCF-978A-B476A1A8DEB5}.Release|Any CPU.Build.0 = Release|Any CPU
		{427D157B-C03B-455A-A2AD-AD73AF601C5C}.Debug|Any CPU.ActiveCfg = Debug|Any CPU
		{427D157B-C03B-455A-A2AD-AD73AF601C5C}.Debug|Any CPU.Build.0 = Debug|Any CPU
		{427D157B-C03B-455A-A2AD-AD73AF601C5C}.Release|Any CPU.ActiveCfg = Release|Any CPU
		{427D157B-C03B-455A-A2AD-AD73AF601C5C}.Release|Any CPU.Build.0 = Release|Any CPU
		{54C3E424-45AB-43B5-A573-79222924A623}.Debug|Any CPU.ActiveCfg = Debug|Any CPU
		{54C3E424-45AB-43B5-A573-79222924A623}.Debug|Any CPU.Build.0 = Debug|Any CPU
		{54C3E424-45AB-43B5-A573-79222924A623}.Release|Any CPU.ActiveCfg = Release|Any CPU
		{54C3E424-45AB-43B5-A573-79222924A623}.Release|Any CPU.Build.0 = Release|Any CPU
	EndGlobalSection
	GlobalSection(SolutionProperties) = preSolution
		HideSolutionNode = FALSE
	EndGlobalSection
	GlobalSection(ExtensibilityGlobals) = postSolution
		SolutionGuid = {5447B19D-BCF8-48A2-9370-1D74CA0F1073}
	EndGlobalSection
EndGlobal
