
Microsoft Visual Studio Solution File, Format Version 12.00
# Visual Studio Version 17
VisualStudioVersion = 17.2.32630.192
MinimumVisualStudioVersion = 10.0.40219.1
Project("{FAE04EC0-301F-11D3-BF4B-00C04F79EFBC}") = "03. Sum with Unlimited Coins", "03. Sum with Unlimited Coins\03. Sum with Unlimited Coins.csproj", "{C6EBD525-97A7-498E-9D81-CF95117D6C91}"
EndProject
Project("{FAE04EC0-301F-11D3-BF4B-00C04F79EFBC}") = "01. Binomial Coefficients", "01. Binomial Coefficients\01. Binomial Coefficients.csproj", "{AC3E8B2C-9C9E-4470-884B-CAAF07745082}"
EndProject
Project("{FAE04EC0-301F-11D3-BF4B-00C04F79EFBC}") = "02. Dividing Presents", "02. Dividing Presents\02. Dividing Presents.csproj", "{84A980F9-2AC4-40F8-967B-8E664AEE25C2}"
EndProject
Project("{FAE04EC0-301F-11D3-BF4B-00C04F79EFBC}") = "04.Sum with Limited Coins", "04.Sum with Limited Coins\04.Sum with Limited Coins.csproj", "{55183970-E8C6-4D03-AE6F-ED762D99E2B6}"
EndProject
Project("{FAE04EC0-301F-11D3-BF4B-00C04F79EFBC}") = "05. Word Differences", "05. Word Differences\05. Word Differences.csproj", "{24F902F7-CBA0-416D-BB1D-9ACFD261A43F}"
EndProject
Project("{FAE04EC0-301F-11D3-BF4B-00C04F79EFBC}") = "06. Connecting Cables", "06. Connecting Cables\06. Connecting Cables.csproj", "{939D8778-B95B-469C-8DB6-FC091F2FD86F}"
EndProject
Project("{FAE04EC0-301F-11D3-BF4B-00C04F79EFBC}") = "07. Minimum Edit Distance", "07. Minimum Edit Distance\07. Minimum Edit Distance.csproj", "{5BA692A9-8CAF-461F-B458-721EA8D533EE}"
EndProject
Global
	GlobalSection(SolutionConfigurationPlatforms) = preSolution
		Debug|Any CPU = Debug|Any CPU
		Release|Any CPU = Release|Any CPU
	EndGlobalSection
	GlobalSection(ProjectConfigurationPlatforms) = postSolution
		{C6EBD525-97A7-498E-9D81-CF95117D6C91}.Debug|Any CPU.ActiveCfg = Debug|Any CPU
		{C6EBD525-97A7-498E-9D81-CF95117D6C91}.Debug|Any CPU.Build.0 = Debug|Any CPU
		{C6EBD525-97A7-498E-9D81-CF95117D6C91}.Release|Any CPU.ActiveCfg = Release|Any CPU
		{C6EBD525-97A7-498E-9D81-CF95117D6C91}.Release|Any CPU.Build.0 = Release|Any CPU
		{AC3E8B2C-9C9E-4470-884B-CAAF07745082}.Debug|Any CPU.ActiveCfg = Debug|Any CPU
		{AC3E8B2C-9C9E-4470-884B-CAAF07745082}.Debug|Any CPU.Build.0 = Debug|Any CPU
		{AC3E8B2C-9C9E-4470-884B-CAAF07745082}.Release|Any CPU.ActiveCfg = Release|Any CPU
		{AC3E8B2C-9C9E-4470-884B-CAAF07745082}.Release|Any CPU.Build.0 = Release|Any CPU
		{84A980F9-2AC4-40F8-967B-8E664AEE25C2}.Debug|Any CPU.ActiveCfg = Debug|Any CPU
		{84A980F9-2AC4-40F8-967B-8E664AEE25C2}.Debug|Any CPU.Build.0 = Debug|Any CPU
		{84A980F9-2AC4-40F8-967B-8E664AEE25C2}.Release|Any CPU.ActiveCfg = Release|Any CPU
		{84A980F9-2AC4-40F8-967B-8E664AEE25C2}.Release|Any CPU.Build.0 = Release|Any CPU
		{55183970-E8C6-4D03-AE6F-ED762D99E2B6}.Debug|Any CPU.ActiveCfg = Debug|Any CPU
		{55183970-E8C6-4D03-AE6F-ED762D99E2B6}.Debug|Any CPU.Build.0 = Debug|Any CPU
		{55183970-E8C6-4D03-AE6F-ED762D99E2B6}.Release|Any CPU.ActiveCfg = Release|Any CPU
		{55183970-E8C6-4D03-AE6F-ED762D99E2B6}.Release|Any CPU.Build.0 = Release|Any CPU
		{24F902F7-CBA0-416D-BB1D-9ACFD261A43F}.Debug|Any CPU.ActiveCfg = Debug|Any CPU
		{24F902F7-CBA0-416D-BB1D-9ACFD261A43F}.Debug|Any CPU.Build.0 = Debug|Any CPU
		{24F902F7-CBA0-416D-BB1D-9ACFD261A43F}.Release|Any CPU.ActiveCfg = Release|Any CPU
		{24F902F7-CBA0-416D-BB1D-9ACFD261A43F}.Release|Any CPU.Build.0 = Release|Any CPU
		{939D8778-B95B-469C-8DB6-FC091F2FD86F}.Debug|Any CPU.ActiveCfg = Debug|Any CPU
		{939D8778-B95B-469C-8DB6-FC091F2FD86F}.Debug|Any CPU.Build.0 = Debug|Any CPU
		{939D8778-B95B-469C-8DB6-FC091F2FD86F}.Release|Any CPU.ActiveCfg = Release|Any CPU
		{939D8778-B95B-469C-8DB6-FC091F2FD86F}.Release|Any CPU.Build.0 = Release|Any CPU
		{5BA692A9-8CAF-461F-B458-721EA8D533EE}.Debug|Any CPU.ActiveCfg = Debug|Any CPU
		{5BA692A9-8CAF-461F-B458-721EA8D533EE}.Debug|Any CPU.Build.0 = Debug|Any CPU
		{5BA692A9-8CAF-461F-B458-721EA8D533EE}.Release|Any CPU.ActiveCfg = Release|Any CPU
		{5BA692A9-8CAF-461F-B458-721EA8D533EE}.Release|Any CPU.Build.0 = Release|Any CPU
	EndGlobalSection
	GlobalSection(SolutionProperties) = preSolution
		HideSolutionNode = FALSE
	EndGlobalSection
	GlobalSection(ExtensibilityGlobals) = postSolution
		SolutionGuid = {5A2D921A-BD12-42A7-A726-8E7E8E2DE3AA}
	EndGlobalSection
EndGlobal
