
Microsoft Visual Studio Solution File, Format Version 12.00
# Visual Studio Version 17
VisualStudioVersion = 17.2.32519.379
MinimumVisualStudioVersion = 10.0.40219.1
Project("{FAE04EC0-301F-11D3-BF4B-00C04F79EFBC}") = "01.Count Real Numbers", "01.Count Real Numbers\01.Count Real Numbers.csproj", "{C7D5D82E-3BBA-4083-A87E-3A95AC10C190}"
EndProject
Project("{FAE04EC0-301F-11D3-BF4B-00C04F79EFBC}") = "02.Odd Occurrences", "02.Odd Occurrences\02.Odd Occurrences.csproj", "{C112FFE4-8D86-4DE2-AB90-A88FD4D820B8}"
EndProject
Project("{FAE04EC0-301F-11D3-BF4B-00C04F79EFBC}") = "03.Word Synonyms", "03.Word Synonyms\03.Word Synonyms.csproj", "{54DF2E01-3D18-4C22-BFA4-46C3B6033B4C}"
EndProject
Project("{FAE04EC0-301F-11D3-BF4B-00C04F79EFBC}") = "04.Word Filter", "04.Word Filter\04.Word Filter.csproj", "{26D8F933-C20E-43B7-A286-D1A7BA5D8856}"
EndProject
Global
	GlobalSection(SolutionConfigurationPlatforms) = preSolution
		Debug|Any CPU = Debug|Any CPU
		Release|Any CPU = Release|Any CPU
	EndGlobalSection
	GlobalSection(ProjectConfigurationPlatforms) = postSolution
		{C7D5D82E-3BBA-4083-A87E-3A95AC10C190}.Debug|Any CPU.ActiveCfg = Debug|Any CPU
		{C7D5D82E-3BBA-4083-A87E-3A95AC10C190}.Debug|Any CPU.Build.0 = Debug|Any CPU
		{C7D5D82E-3BBA-4083-A87E-3A95AC10C190}.Release|Any CPU.ActiveCfg = Release|Any CPU
		{C7D5D82E-3BBA-4083-A87E-3A95AC10C190}.Release|Any CPU.Build.0 = Release|Any CPU
		{C112FFE4-8D86-4DE2-AB90-A88FD4D820B8}.Debug|Any CPU.ActiveCfg = Debug|Any CPU
		{C112FFE4-8D86-4DE2-AB90-A88FD4D820B8}.Debug|Any CPU.Build.0 = Debug|Any CPU
		{C112FFE4-8D86-4DE2-AB90-A88FD4D820B8}.Release|Any CPU.ActiveCfg = Release|Any CPU
		{C112FFE4-8D86-4DE2-AB90-A88FD4D820B8}.Release|Any CPU.Build.0 = Release|Any CPU
		{54DF2E01-3D18-4C22-BFA4-46C3B6033B4C}.Debug|Any CPU.ActiveCfg = Debug|Any CPU
		{54DF2E01-3D18-4C22-BFA4-46C3B6033B4C}.Debug|Any CPU.Build.0 = Debug|Any CPU
		{54DF2E01-3D18-4C22-BFA4-46C3B6033B4C}.Release|Any CPU.ActiveCfg = Release|Any CPU
		{54DF2E01-3D18-4C22-BFA4-46C3B6033B4C}.Release|Any CPU.Build.0 = Release|Any CPU
		{26D8F933-C20E-43B7-A286-D1A7BA5D8856}.Debug|Any CPU.ActiveCfg = Debug|Any CPU
		{26D8F933-C20E-43B7-A286-D1A7BA5D8856}.Debug|Any CPU.Build.0 = Debug|Any CPU
		{26D8F933-C20E-43B7-A286-D1A7BA5D8856}.Release|Any CPU.ActiveCfg = Release|Any CPU
		{26D8F933-C20E-43B7-A286-D1A7BA5D8856}.Release|Any CPU.Build.0 = Release|Any CPU
	EndGlobalSection
	GlobalSection(SolutionProperties) = preSolution
		HideSolutionNode = FALSE
	EndGlobalSection
	GlobalSection(ExtensibilityGlobals) = postSolution
		SolutionGuid = {DFE5DA99-689C-4BB8-803E-AD7F978C22C2}
	EndGlobalSection
EndGlobal
