
Microsoft Visual Studio Solution File, Format Version 12.00
# Visual Studio Version 17
VisualStudioVersion = 17.2.32616.157
MinimumVisualStudioVersion = 10.0.40219.1
Project("{FAE04EC0-301F-11D3-BF4B-00C04F79EFBC}") = "01. MusicHub Database", "01. MusicHub Database\01. MusicHub Database.csproj", "{CC6FFF1B-C526-4C95-914C-B49BFBA5B48A}"
EndProject
Project("{FAE04EC0-301F-11D3-BF4B-00C04F79EFBC}") = "02. Album Info", "02. Album Info\02. Album Info.csproj", "{91897D4A-9926-43DC-AEE3-E8CAEFB985D1}"
EndProject
Project("{FAE04EC0-301F-11D3-BF4B-00C04F79EFBC}") = "03. Songs Above Duration", "03. Songs Above Duration\03. Songs Above Duration.csproj", "{0113F658-8044-4315-8949-0E5B05905E46}"
EndProject
Global
	GlobalSection(SolutionConfigurationPlatforms) = preSolution
		Debug|Any CPU = Debug|Any CPU
		Release|Any CPU = Release|Any CPU
	EndGlobalSection
	GlobalSection(ProjectConfigurationPlatforms) = postSolution
		{CC6FFF1B-C526-4C95-914C-B49BFBA5B48A}.Debug|Any CPU.ActiveCfg = Debug|Any CPU
		{CC6FFF1B-C526-4C95-914C-B49BFBA5B48A}.Debug|Any CPU.Build.0 = Debug|Any CPU
		{CC6FFF1B-C526-4C95-914C-B49BFBA5B48A}.Release|Any CPU.ActiveCfg = Release|Any CPU
		{CC6FFF1B-C526-4C95-914C-B49BFBA5B48A}.Release|Any CPU.Build.0 = Release|Any CPU
		{91897D4A-9926-43DC-AEE3-E8CAEFB985D1}.Debug|Any CPU.ActiveCfg = Debug|Any CPU
		{91897D4A-9926-43DC-AEE3-E8CAEFB985D1}.Debug|Any CPU.Build.0 = Debug|Any CPU
		{91897D4A-9926-43DC-AEE3-E8CAEFB985D1}.Release|Any CPU.ActiveCfg = Release|Any CPU
		{91897D4A-9926-43DC-AEE3-E8CAEFB985D1}.Release|Any CPU.Build.0 = Release|Any CPU
		{0113F658-8044-4315-8949-0E5B05905E46}.Debug|Any CPU.ActiveCfg = Debug|Any CPU
		{0113F658-8044-4315-8949-0E5B05905E46}.Debug|Any CPU.Build.0 = Debug|Any CPU
		{0113F658-8044-4315-8949-0E5B05905E46}.Release|Any CPU.ActiveCfg = Release|Any CPU
		{0113F658-8044-4315-8949-0E5B05905E46}.Release|Any CPU.Build.0 = Release|Any CPU
	EndGlobalSection
	GlobalSection(SolutionProperties) = preSolution
		HideSolutionNode = FALSE
	EndGlobalSection
	GlobalSection(ExtensibilityGlobals) = postSolution
		SolutionGuid = {10007EC7-6666-42EC-B18C-2D9F9FA8E29B}
	EndGlobalSection
EndGlobal
