
Microsoft Visual Studio Solution File, Format Version 12.00
# Visual Studio Version 17
VisualStudioVersion = 17.2.32526.322
MinimumVisualStudioVersion = 10.0.40219.1
Project("{FAE04EC0-301F-11D3-BF4B-00C04F79EFBC}") = "02. Database First", "02. Database First\02. Database First.csproj", "{2A3DBBB0-5C7E-47A7-9078-23ECF8066F1F}"
EndProject
Project("{FAE04EC0-301F-11D3-BF4B-00C04F79EFBC}") = "03. Employees Full Information", "03. Employees Full Information\03. Employees Full Information.csproj", "{FF7413B8-37AC-4D04-95A6-826BEB4DFE8F}"
EndProject
Project("{FAE04EC0-301F-11D3-BF4B-00C04F79EFBC}") = "04. Employees with Salary Over 50 000", "04. Employees with Salary Over 50 000\04. Employees with Salary Over 50 000.csproj", "{0213681C-FB89-4D5D-BE77-B404ECA0EA13}"
EndProject
Project("{FAE04EC0-301F-11D3-BF4B-00C04F79EFBC}") = "05. Employees from Research and Development", "05. Employees from Research and Development\05. Employees from Research and Development.csproj", "{91E236D8-8B8A-438E-BBEA-62ABB74FC97B}"
EndProject
Project("{FAE04EC0-301F-11D3-BF4B-00C04F79EFBC}") = "06. Adding a New Address and Updating Employee", "06. Adding a New Address and Updating Employee\06. Adding a New Address and Updating Employee.csproj", "{ECB222CC-0042-4942-AF96-EB45C6D72714}"
EndProject
Project("{FAE04EC0-301F-11D3-BF4B-00C04F79EFBC}") = "07. Employees and Projects", "07. Employees and Projects\07. Employees and Projects.csproj", "{588C81E0-E46E-4CA8-9695-54BBF609470F}"
EndProject
Project("{FAE04EC0-301F-11D3-BF4B-00C04F79EFBC}") = "08. Addresses by Town", "08. Addresses by Town\08. Addresses by Town.csproj", "{DD0E31D8-E253-45A0-B433-C476DB365E93}"
EndProject
Project("{FAE04EC0-301F-11D3-BF4B-00C04F79EFBC}") = "09. Employee 147", "09. Employee 147\09. Employee 147.csproj", "{2CD6381A-B185-41C9-95A1-9F98ED2E24A1}"
EndProject
Project("{FAE04EC0-301F-11D3-BF4B-00C04F79EFBC}") = "10. Departments with More Than 5 Employees", "10. Departments with More Than 5 Employees\10. Departments with More Than 5 Employees.csproj", "{3E602267-FC60-42AF-98BD-E9DB9498B314}"
EndProject
Project("{FAE04EC0-301F-11D3-BF4B-00C04F79EFBC}") = "11. Find Latest 10 Projects", "11. Find Latest 10 Projects\11. Find Latest 10 Projects.csproj", "{9CEF1654-6E29-4BF3-B84F-C5169661B57E}"
EndProject
Project("{FAE04EC0-301F-11D3-BF4B-00C04F79EFBC}") = "12. Increase Salaries", "12. Increase Salaries\12. Increase Salaries.csproj", "{8C8D7C12-D851-4353-89A9-2528FBFF6A8C}"
EndProject
Project("{FAE04EC0-301F-11D3-BF4B-00C04F79EFBC}") = "13. Find Employees by First Name Starting With Sa", "13. Find Employees by First Name Starting With Sa\13. Find Employees by First Name Starting With Sa.csproj", "{3A0F8095-0769-4EE6-AE2F-D04C3A46A6E7}"
EndProject
Project("{FAE04EC0-301F-11D3-BF4B-00C04F79EFBC}") = "14. Delete Project by Id", "14. Delete Project by Id\14. Delete Project by Id.csproj", "{7C61CD8B-6060-43D8-A9D0-7E6E4D49A12F}"
EndProject
Project("{FAE04EC0-301F-11D3-BF4B-00C04F79EFBC}") = "15. Remove Town", "15. Remove Town\15. Remove Town.csproj", "{24E01C69-50BC-4FDE-AA6B-C48E22DA92A9}"
EndProject
Global
	GlobalSection(SolutionConfigurationPlatforms) = preSolution
		Debug|Any CPU = Debug|Any CPU
		Release|Any CPU = Release|Any CPU
	EndGlobalSection
	GlobalSection(ProjectConfigurationPlatforms) = postSolution
		{2A3DBBB0-5C7E-47A7-9078-23ECF8066F1F}.Debug|Any CPU.ActiveCfg = Debug|Any CPU
		{2A3DBBB0-5C7E-47A7-9078-23ECF8066F1F}.Debug|Any CPU.Build.0 = Debug|Any CPU
		{2A3DBBB0-5C7E-47A7-9078-23ECF8066F1F}.Release|Any CPU.ActiveCfg = Release|Any CPU
		{2A3DBBB0-5C7E-47A7-9078-23ECF8066F1F}.Release|Any CPU.Build.0 = Release|Any CPU
		{FF7413B8-37AC-4D04-95A6-826BEB4DFE8F}.Debug|Any CPU.ActiveCfg = Debug|Any CPU
		{FF7413B8-37AC-4D04-95A6-826BEB4DFE8F}.Debug|Any CPU.Build.0 = Debug|Any CPU
		{FF7413B8-37AC-4D04-95A6-826BEB4DFE8F}.Release|Any CPU.ActiveCfg = Release|Any CPU
		{FF7413B8-37AC-4D04-95A6-826BEB4DFE8F}.Release|Any CPU.Build.0 = Release|Any CPU
		{0213681C-FB89-4D5D-BE77-B404ECA0EA13}.Debug|Any CPU.ActiveCfg = Debug|Any CPU
		{0213681C-FB89-4D5D-BE77-B404ECA0EA13}.Debug|Any CPU.Build.0 = Debug|Any CPU
		{0213681C-FB89-4D5D-BE77-B404ECA0EA13}.Release|Any CPU.ActiveCfg = Release|Any CPU
		{0213681C-FB89-4D5D-BE77-B404ECA0EA13}.Release|Any CPU.Build.0 = Release|Any CPU
		{91E236D8-8B8A-438E-BBEA-62ABB74FC97B}.Debug|Any CPU.ActiveCfg = Debug|Any CPU
		{91E236D8-8B8A-438E-BBEA-62ABB74FC97B}.Debug|Any CPU.Build.0 = Debug|Any CPU
		{91E236D8-8B8A-438E-BBEA-62ABB74FC97B}.Release|Any CPU.ActiveCfg = Release|Any CPU
		{91E236D8-8B8A-438E-BBEA-62ABB74FC97B}.Release|Any CPU.Build.0 = Release|Any CPU
		{ECB222CC-0042-4942-AF96-EB45C6D72714}.Debug|Any CPU.ActiveCfg = Debug|Any CPU
		{ECB222CC-0042-4942-AF96-EB45C6D72714}.Debug|Any CPU.Build.0 = Debug|Any CPU
		{ECB222CC-0042-4942-AF96-EB45C6D72714}.Release|Any CPU.ActiveCfg = Release|Any CPU
		{ECB222CC-0042-4942-AF96-EB45C6D72714}.Release|Any CPU.Build.0 = Release|Any CPU
		{588C81E0-E46E-4CA8-9695-54BBF609470F}.Debug|Any CPU.ActiveCfg = Debug|Any CPU
		{588C81E0-E46E-4CA8-9695-54BBF609470F}.Debug|Any CPU.Build.0 = Debug|Any CPU
		{588C81E0-E46E-4CA8-9695-54BBF609470F}.Release|Any CPU.ActiveCfg = Release|Any CPU
		{588C81E0-E46E-4CA8-9695-54BBF609470F}.Release|Any CPU.Build.0 = Release|Any CPU
		{DD0E31D8-E253-45A0-B433-C476DB365E93}.Debug|Any CPU.ActiveCfg = Debug|Any CPU
		{DD0E31D8-E253-45A0-B433-C476DB365E93}.Debug|Any CPU.Build.0 = Debug|Any CPU
		{DD0E31D8-E253-45A0-B433-C476DB365E93}.Release|Any CPU.ActiveCfg = Release|Any CPU
		{DD0E31D8-E253-45A0-B433-C476DB365E93}.Release|Any CPU.Build.0 = Release|Any CPU
		{2CD6381A-B185-41C9-95A1-9F98ED2E24A1}.Debug|Any CPU.ActiveCfg = Debug|Any CPU
		{2CD6381A-B185-41C9-95A1-9F98ED2E24A1}.Debug|Any CPU.Build.0 = Debug|Any CPU
		{2CD6381A-B185-41C9-95A1-9F98ED2E24A1}.Release|Any CPU.ActiveCfg = Release|Any CPU
		{2CD6381A-B185-41C9-95A1-9F98ED2E24A1}.Release|Any CPU.Build.0 = Release|Any CPU
		{3E602267-FC60-42AF-98BD-E9DB9498B314}.Debug|Any CPU.ActiveCfg = Debug|Any CPU
		{3E602267-FC60-42AF-98BD-E9DB9498B314}.Debug|Any CPU.Build.0 = Debug|Any CPU
		{3E602267-FC60-42AF-98BD-E9DB9498B314}.Release|Any CPU.ActiveCfg = Release|Any CPU
		{3E602267-FC60-42AF-98BD-E9DB9498B314}.Release|Any CPU.Build.0 = Release|Any CPU
		{9CEF1654-6E29-4BF3-B84F-C5169661B57E}.Debug|Any CPU.ActiveCfg = Debug|Any CPU
		{9CEF1654-6E29-4BF3-B84F-C5169661B57E}.Debug|Any CPU.Build.0 = Debug|Any CPU
		{9CEF1654-6E29-4BF3-B84F-C5169661B57E}.Release|Any CPU.ActiveCfg = Release|Any CPU
		{9CEF1654-6E29-4BF3-B84F-C5169661B57E}.Release|Any CPU.Build.0 = Release|Any CPU
		{8C8D7C12-D851-4353-89A9-2528FBFF6A8C}.Debug|Any CPU.ActiveCfg = Debug|Any CPU
		{8C8D7C12-D851-4353-89A9-2528FBFF6A8C}.Debug|Any CPU.Build.0 = Debug|Any CPU
		{8C8D7C12-D851-4353-89A9-2528FBFF6A8C}.Release|Any CPU.ActiveCfg = Release|Any CPU
		{8C8D7C12-D851-4353-89A9-2528FBFF6A8C}.Release|Any CPU.Build.0 = Release|Any CPU
		{3A0F8095-0769-4EE6-AE2F-D04C3A46A6E7}.Debug|Any CPU.ActiveCfg = Debug|Any CPU
		{3A0F8095-0769-4EE6-AE2F-D04C3A46A6E7}.Debug|Any CPU.Build.0 = Debug|Any CPU
		{3A0F8095-0769-4EE6-AE2F-D04C3A46A6E7}.Release|Any CPU.ActiveCfg = Release|Any CPU
		{3A0F8095-0769-4EE6-AE2F-D04C3A46A6E7}.Release|Any CPU.Build.0 = Release|Any CPU
		{7C61CD8B-6060-43D8-A9D0-7E6E4D49A12F}.Debug|Any CPU.ActiveCfg = Debug|Any CPU
		{7C61CD8B-6060-43D8-A9D0-7E6E4D49A12F}.Debug|Any CPU.Build.0 = Debug|Any CPU
		{7C61CD8B-6060-43D8-A9D0-7E6E4D49A12F}.Release|Any CPU.ActiveCfg = Release|Any CPU
		{7C61CD8B-6060-43D8-A9D0-7E6E4D49A12F}.Release|Any CPU.Build.0 = Release|Any CPU
		{24E01C69-50BC-4FDE-AA6B-C48E22DA92A9}.Debug|Any CPU.ActiveCfg = Debug|Any CPU
		{24E01C69-50BC-4FDE-AA6B-C48E22DA92A9}.Debug|Any CPU.Build.0 = Debug|Any CPU
		{24E01C69-50BC-4FDE-AA6B-C48E22DA92A9}.Release|Any CPU.ActiveCfg = Release|Any CPU
		{24E01C69-50BC-4FDE-AA6B-C48E22DA92A9}.Release|Any CPU.Build.0 = Release|Any CPU
	EndGlobalSection
	GlobalSection(SolutionProperties) = preSolution
		HideSolutionNode = FALSE
	EndGlobalSection
	GlobalSection(ExtensibilityGlobals) = postSolution
		SolutionGuid = {29F3B201-1342-4E0F-A019-FF3F272D93F0}
	EndGlobalSection
EndGlobal
